// !$*UTF8*$!
{
	archiveVersion = 1;
	classes = {
	};
	objectVersion = 50;
	objects = {

/* Begin PBXBuildFile section */
		086B901221BCE261005AE219 /* Main.storyboard in Resources */ = {isa = PBXBuildFile; fileRef = 086B901021BCE261005AE219 /* Main.storyboard */; };
		086B901421BCE263005AE219 /* Assets.xcassets in Resources */ = {isa = PBXBuildFile; fileRef = 086B901321BCE263005AE219 /* Assets.xcassets */; };
		086B901721BCE263005AE219 /* LaunchScreen.storyboard in Resources */ = {isa = PBXBuildFile; fileRef = 086B901521BCE263005AE219 /* LaunchScreen.storyboard */; };
		086B901A21BCE263005AE219 /* main.m in Sources */ = {isa = PBXBuildFile; fileRef = 086B901921BCE263005AE219 /* main.m */; };
		086B902721BCE2A2005AE219 /* AppDelegate.m in Sources */ = {isa = PBXBuildFile; fileRef = 086B902021BCE2A1005AE219 /* AppDelegate.m */; };
		086B902821BCE2A2005AE219 /* PerformanceMonitor.m in Sources */ = {isa = PBXBuildFile; fileRef = 086B902121BCE2A1005AE219 /* PerformanceMonitor.m */; };
		086B902921BCE2A2005AE219 /* CrashReporter.framework in Frameworks */ = {isa = PBXBuildFile; fileRef = 086B902221BCE2A1005AE219 /* CrashReporter.framework */; };
		086B902A21BCE2A2005AE219 /* ViewController.m in Sources */ = {isa = PBXBuildFile; fileRef = 086B902621BCE2A2005AE219 /* ViewController.m */; };
/* End PBXBuildFile section */

/* Begin PBXFileReference section */
		086B900721BCE261005AE219 /* FluencyMonitor.app */ = {isa = PBXFileReference; explicitFileType = wrapper.application; includeInIndex = 0; path = FluencyMonitor.app; sourceTree = BUILT_PRODUCTS_DIR; };
		086B901121BCE261005AE219 /* Base */ = {isa = PBXFileReference; lastKnownFileType = file.storyboard; name = Base; path = Base.lproj/Main.storyboard; sourceTree = "<group>"; };
		086B901321BCE263005AE219 /* Assets.xcassets */ = {isa = PBXFileReference; lastKnownFileType = folder.assetcatalog; path = Assets.xcassets; sourceTree = "<group>"; };
		086B901621BCE263005AE219 /* Base */ = {isa = PBXFileReference; lastKnownFileType = file.storyboard; name = Base; path = Base.lproj/LaunchScreen.storyboard; sourceTree = "<group>"; };
		086B901821BCE263005AE219 /* Info.plist */ = {isa = PBXFileReference; lastKnownFileType = text.plist.xml; path = Info.plist; sourceTree = "<group>"; };
		086B901921BCE263005AE219 /* main.m */ = {isa = PBXFileReference; lastKnownFileType = sourcecode.c.objc; path = main.m; sourceTree = "<group>"; };
		086B902021BCE2A1005AE219 /* AppDelegate.m */ = {isa = PBXFileReference; fileEncoding = 4; lastKnownFileType = sourcecode.c.objc; path = AppDelegate.m; sourceTree = "<group>"; };
		086B902121BCE2A1005AE219 /* PerformanceMonitor.m */ = {isa = PBXFileReference; fileEncoding = 4; lastKnownFileType = sourcecode.c.objc; path = PerformanceMonitor.m; sourceTree = "<group>"; };
		086B902221BCE2A1005AE219 /* CrashReporter.framework */ = {isa = PBXFileReference; lastKnownFileType = wrapper.framework; path = CrashReporter.framework; sourceTree = "<group>"; };
		086B902321BCE2A2005AE219 /* PerformanceMonitor.h */ = {isa = PBXFileReference; fileEncoding = 4; lastKnownFileType = sourcecode.c.h; path = PerformanceMonitor.h; sourceTree = "<group>"; };
		086B902421BCE2A2005AE219 /* ViewController.h */ = {isa = PBXFileReference; fileEncoding = 4; lastKnownFileType = sourcecode.c.h; path = ViewController.h; sourceTree = "<group>"; };
		086B902521BCE2A2005AE219 /* AppDelegate.h */ = {isa = PBXFileReference; fileEncoding = 4; lastKnownFileType = sourcecode.c.h; path = AppDelegate.h; sourceTree = "<group>"; };
		086B902621BCE2A2005AE219 /* ViewController.m */ = {isa = PBXFileReference; fileEncoding = 4; lastKnownFileType = sourcecode.c.objc; path = ViewController.m; sourceTree = "<group>"; };
/* End PBXFileReference section */

/* Begin PBXFrameworksBuildPhase section */
		086B900421BCE261005AE219 /* Frameworks */ = {
			isa = PBXFrameworksBuildPhase;
			buildActionMask = 2147483647;
			files = (
				086B902921BCE2A2005AE219 /* CrashReporter.framework in Frameworks */,
			);
			runOnlyForDeploymentPostprocessing = 0;
		};
/* End PBXFrameworksBuildPhase section */

/* Begin PBXGroup section */
		086B8FFE21BCE261005AE219 = {
			isa = PBXGroup;
			children = (
				086B900921BCE261005AE219 /* FluencyMonitor */,
				086B900821BCE261005AE219 /* Products */,
			);
			sourceTree = "<group>";
		};
		086B900821BCE261005AE219 /* Products */ = {
			isa = PBXGroup;
			children = (
				086B900721BCE261005AE219 /* FluencyMonitor.app */,
			);
			name = Products;
			sourceTree = "<group>";
		};
		086B900921BCE261005AE219 /* FluencyMonitor */ = {
			isa = PBXGroup;
			children = (
				086B902521BCE2A2005AE219 /* AppDelegate.h */,
				086B902021BCE2A1005AE219 /* AppDelegate.m */,
				086B902221BCE2A1005AE219 /* CrashReporter.framework */,
				086B902321BCE2A2005AE219 /* PerformanceMonitor.h */,
				086B902121BCE2A1005AE219 /* PerformanceMonitor.m */,
				086B902421BCE2A2005AE219 /* ViewController.h */,
				086B902621BCE2A2005AE219 /* ViewController.m */,
				086B901021BCE261005AE219 /* Main.storyboard */,
				086B901321BCE263005AE219 /* Assets.xcassets */,
				086B901521BCE263005AE219 /* LaunchScreen.storyboard */,
				086B901821BCE263005AE219 /* Info.plist */,
				086B901921BCE263005AE219 /* main.m */,
			);
			path = FluencyMonitor;
			sourceTree = "<group>";
		};
/* End PBXGroup section */

/* Begin PBXNativeTarget section */
		086B900621BCE261005AE219 /* FluencyMonitor */ = {
			isa = PBXNativeTarget;
			buildConfigurationList = 086B901D21BCE263005AE219 /* Build configuration list for PBXNativeTarget "FluencyMonitor" */;
			buildPhases = (
				086B900321BCE261005AE219 /* Sources */,
				086B900421BCE261005AE219 /* Frameworks */,
				086B900521BCE261005AE219 /* Resources */,
			);
			buildRules = (
			);
			dependencies = (
			);
			name = FluencyMonitor;
			productName = FluencyMonitor;
			productReference = 086B900721BCE261005AE219 /* FluencyMonitor.app */;
			productType = "com.apple.product-type.application";
		};
/* End PBXNativeTarget section */

/* Begin PBXProject section */
		086B8FFF21BCE261005AE219 /* Project object */ = {
			isa = PBXProject;
			attributes = {
				LastUpgradeCheck = 1000;
				ORGANIZATIONNAME = liuyujia_haha;
				TargetAttributes = {
					086B900621BCE261005AE219 = {
						CreatedOnToolsVersion = 10.0;
					};
				};
			};
			buildConfigurationList = 086B900221BCE261005AE219 /* Build configuration list for PBXProject "FluencyMonitor" */;
			compatibilityVersion = "Xcode 9.3";
			developmentRegion = en;
			hasScannedForEncodings = 0;
			knownRegions = (
				en,
				Base,
			);
			mainGroup = 086B8FFE21BCE261005AE219;
			productRefGroup = 086B900821BCE261005AE219 /* Products */;
			projectDirPath = "";
			projectRoot = "";
			targets = (
				086B900621BCE261005AE219 /* FluencyMonitor */,
			);
		};
/* End PBXProject section */

/* Begin PBXResourcesBuildPhase section */
		086B900521BCE261005AE219 /* Resources */ = {
			isa = PBXResourcesBuildPhase;
			buildActionMask = 2147483647;
			files = (
				086B901721BCE263005AE219 /* LaunchScreen.storyboard in Resources */,
				086B901421BCE263005AE219 /* Assets.xcassets in Resources */,
				086B901221BCE261005AE219 /* Main.storyboard in Resources */,
			);
			runOnlyForDeploymentPostprocessing = 0;
		};
/* End PBXResourcesBuildPhase section */

/* Begin PBXSourcesBuildPhase section */
		086B900321BCE261005AE219 /* Sources */ = {
			isa = PBXSourcesBuildPhase;
			buildActionMask = 2147483647;
			files = (
				086B902821BCE2A2005AE219 /* PerformanceMonitor.m in Sources */,
				086B902721BCE2A2005AE219 /* AppDelegate.m in Sources */,
				086B902A21BCE2A2005AE219 /* ViewController.m in Sources */,
				086B901A21BCE263005AE219 /* main.m in Sources */,
			);
			runOnlyForDeploymentPostprocessing = 0;
		};
/* End PBXSourcesBuildPhase section */

/* Begin PBXVariantGroup section */
		086B901021BCE261005AE219 /* Main.storyboard */ = {
			isa = PBXVariantGroup;
			children = (
				086B901121BCE261005AE219 /* Base */,
			);
			name = Main.storyboard;
			sourceTree = "<group>";
		};
		086B901521BCE263005AE219 /* LaunchScreen.storyboard */ = {
			isa = PBXVariantGroup;
			children = (
				086B901621BCE263005AE219 /* Base */,
			);
			name = LaunchScreen.storyboard;
			sourceTree = "<group>";
		};
/* End PBXVariantGroup section */

/* Begin XCBuildConfiguration section */
		086B901B21BCE263005AE219 /* Debug */ = {
			isa = XCBuildConfiguration;
			buildSettings = {
				ALWAYS_SEARCH_USER_PATHS = NO;
				CLANG_ANALYZER_NONNULL = YES;
				CLANG_ANALYZER_NUMBER_OBJECT_CONVERSION = YES_AGGRESSIVE;
				CLANG_CXX_LANGUAGE_STANDARD = "gnu++14";
				CLANG_CXX_LIBRARY = "libc++";
				CLANG_ENABLE_MODULES = YES;
				CLANG_ENABLE_OBJC_ARC = YES;
				CLANG_ENABLE_OBJC_WEAK = YES;
				CLANG_WARN_BLOCK_CAPTURE_AUTORELEASING = YES;
				CLANG_WARN_BOOL_CONVERSION = YES;
				CLANG_WARN_COMMA = YES;
				CLANG_WARN_CONSTANT_CONVERSION = YES;
				CLANG_WARN_DEPRECATED_OBJC_IMPLEMENTATIONS = YES;
				CLANG_WARN_DIRECT_OBJC_ISA_USAGE = YES_ERROR;
				CLANG_WARN_DOCUMENTATION_COMMENTS = YES;
				CLANG_WARN_EMPTY_BODY = YES;
				CLANG_WARN_ENUM_CONVERSION = YES;
				CLANG_WARN_INFINITE_RECURSION = YES;
				CLANG_WARN_INT_CONVERSION = YES;
				CLANG_WARN_NON_LITERAL_NULL_CONVERSION = YES;
				CLANG_WARN_OBJC_IMPLICIT_RETAIN_SELF = YES;
				CLANG_WARN_OBJC_LITERAL_CONVERSION = YES;
				CLANG_WARN_OBJC_ROOT_CLASS = YES_ERROR;
				CLANG_WARN_RANGE_LOOP_ANALYSIS = YES;
				CLANG_WARN_STRICT_PROTOTYPES = YES;
				CLANG_WARN_SUSPICIOUS_MOVE = YES;
				CLANG_WARN_UNGUARDED_AVAILABILITY = YES_AGGRESSIVE;
				CLANG_WARN_UNREACHABLE_CODE = YES;
				CLANG_WARN__DUPLICATE_METHOD_MATCH = YES;
				CODE_SIGN_IDENTITY = "iPhone Developer";
				COPY_PHASE_STRIP = NO;
				DEBUG_INFORMATION_FORMAT = dwarf;
				ENABLE_STRICT_OBJC_MSGSEND = YES;
				ENABLE_TESTABILITY = YES;
				GCC_C_LANGUAGE_STANDARD = gnu11;
				GCC_DYNAMIC_NO_PIC = NO;
				GCC_NO_COMMON_BLOCKS = YES;
				GCC_OPTIMIZATION_LEVEL = 0;
				GCC_PREPROCESSOR_DEFINITIONS = (
					"DEBUG=1",
					"$(inherited)",
				);
				GCC_WARN_64_TO_32_BIT_CONVERSION = YES;
				GCC_WARN_ABOUT_RETURN_TYPE = YES_ERROR;
				GCC_WARN_UNDECLARED_SELECTOR = YES;
				GCC_WARN_UNINITIALIZED_AUTOS = YES_AGGRESSIVE;
				GCC_WARN_UNUSED_FUNCTION = YES;
				GCC_WARN_UNUSED_VARIABLE = YES;
				IPHONEOS_DEPLOYMENT_TARGET = 12.0;
				MTL_ENABLE_DEBUG_INFO = INCLUDE_SOURCE;
				MTL_FAST_MATH = YES;
				ONLY_ACTIVE_ARCH = YES;
				SDKROOT = iphoneos;
			};
			name = Debug;
		};
		086B901C21BCE263005AE219 /* Release */ = {
			isa = XCBuildConfiguration;
			buildSettings = {
				ALWAYS_SEARCH_USER_PATHS = NO;
				CLANG_ANALYZER_NONNULL = YES;
				CLANG_ANALYZER_NUMBER_OBJECT_CONVERSION = YES_AGGRESSIVE;
				CLANG_CXX_LANGUAGE_STANDARD = "gnu++14";
				CLANG_CXX_LIBRARY = "libc++";
				CLANG_ENABLE_MODULES = YES;
				CLANG_ENABLE_OBJC_ARC = YES;
				CLANG_ENABLE_OBJC_WEAK = YES;
				CLANG_WARN_BLOCK_CAPTURE_AUTORELEASING = YES;
				CLANG_WARN_BOOL_CONVERSION = YES;
				CLANG_WARN_COMMA = YES;
				CLANG_WARN_CONSTANT_CONVERSION = YES;
				CLANG_WARN_DEPRECATED_OBJC_IMPLEMENTATIONS = YES;
				CLANG_WARN_DIRECT_OBJC_ISA_USAGE = YES_ERROR;
				CLANG_WARN_DOCUMENTATION_COMMENTS = YES;
				CLANG_WARN_EMPTY_BODY = YES;
				CLANG_WARN_ENUM_CONVERSION = YES;
				CLANG_WARN_INFINITE_RECURSION = YES;
				CLANG_WARN_INT_CONVERSION = YES;
				CLANG_WARN_NON_LITERAL_NULL_CONVERSION = YES;
				CLANG_WARN_OBJC_IMPLICIT_RETAIN_SELF = YES;
				CLANG_WARN_OBJC_LITERAL_CONVERSION = YES;
				CLANG_WARN_OBJC_ROOT_CLASS = YES_ERROR;
				CLANG_WARN_RANGE_LOOP_ANALYSIS = YES;
				CLANG_WARN_STRICT_PROTOTYPES = YES;
				CLANG_WARN_SUSPICIOUS_MOVE = YES;
				CLANG_WARN_UNGUARDED_AVAILABILITY = YES_AGGRESSIVE;
				CLANG_WARN_UNREACHABLE_CODE = YES;
				CLANG_WARN__DUPLICATE_METHOD_MATCH = YES;
				CODE_SIGN_IDENTITY = "iPhone Developer";
				COPY_PHASE_STRIP = NO;
				DEBUG_INFORMATION_FORMAT = "dwarf-with-dsym";
				ENABLE_NS_ASSERTIONS = NO;
				ENABLE_STRICT_OBJC_MSGSEND = YES;
				GCC_C_LANGUAGE_STANDARD = gnu11;
				GCC_NO_COMMON_BLOCKS = YES;
				GCC_WARN_64_TO_32_BIT_CONVERSION = YES;
				GCC_WARN_ABOUT_RETURN_TYPE = YES_ERROR;
				GCC_WARN_UNDECLARED_SELECTOR = YES;
				GCC_WARN_UNINITIALIZED_AUTOS = YES_AGGRESSIVE;
				GCC_WARN_UNUSED_FUNCTION = YES;
				GCC_WARN_UNUSED_VARIABLE = YES;
				IPHONEOS_DEPLOYMENT_TARGET = 12.0;
				MTL_ENABLE_DEBUG_INFO = NO;
				MTL_FAST_MATH = YES;
				SDKROOT = iphoneos;
				VALIDATE_PRODUCT = YES;
			};
			name = Release;
		};
		086B901E21BCE263005AE219 /* Debug */ = {
			isa = XCBuildConfiguration;
			buildSettings = {
				ASSETCATALOG_COMPILER_APPICON_NAME = AppIcon;
				CODE_SIGN_STYLE = Automatic;
				FRAMEWORK_SEARCH_PATHS = (
					"$(inherited)",
					"$(PROJECT_DIR)/FluencyMonitor",
				);
				INFOPLIST_FILE = FluencyMonitor/Info.plist;
				LD_RUNPATH_SEARCH_PATHS = (
					"$(inherited)",
					"@executable_path/Frameworks",
				);
				PRODUCT_BUNDLE_IDENTIFIER = vpclub.FluencyMonitor;
				PRODUCT_NAME = "$(TARGET_NAME)";
				TARGETED_DEVICE_FAMILY = "1,2";
			};
			name = Debug;
		};
		086B901F21BCE263005AE219 /* Release */ = {
			isa = XCBuildConfiguration;
			buildSettings = {
				ASSETCATALOG_COMPILER_APPICON_NAME = AppIcon;
				CODE_SIGN_STYLE = Automatic;
				FRAMEWORK_SEARCH_PATHS = (
					"$(inherited)",
					"$(PROJECT_DIR)/FluencyMonitor",
				);
				INFOPLIST_FILE = FluencyMonitor/Info.plist;
				LD_RUNPATH_SEARCH_PATHS = (
					"$(inherited)",
					"@executable_path/Frameworks",
				);
				PRODUCT_BUNDLE_IDENTIFIER = vpclub.FluencyMonitor;
				PRODUCT_NAME = "$(TARGET_NAME)";
				TARGETED_DEVICE_FAMILY = "1,2";
			};
			name = Release;
		};
/* End XCBuildConfiguration section */

/* Begin XCConfigurationList section */
		086B900221BCE261005AE219 /* Build configuration list for PBXProject "FluencyMonitor" */ = {
			isa = XCConfigurationList;
			buildConfigurations = (
				086B901B21BCE263005AE219 /* Debug */,
				086B901C21BCE263005AE219 /* Release */,
			);
			defaultConfigurationIsVisible = 0;
			defaultConfigurationName = Release;
		};
		086B901D21BCE263005AE219 /* Build configuration list for PBXNativeTarget "FluencyMonitor" */ = {
			isa = XCConfigurationList;
			buildConfigurations = (
				086B901E21BCE263005AE219 /* Debug */,
				086B901F21BCE263005AE219 /* Release */,
			);
			defaultConfigurationIsVisible = 0;
			defaultConfigurationName = Release;
		};
/* End XCConfigurationList section */
	};
	rootObject = 086B8FFF21BCE261005AE219 /* Project object */;
}
